// !$*UTF8*$!
{
	archiveVersion = 1;
	classes = {
	};
	objectVersion = 50;
	objects = {

/* Begin PBXBuildFile section */
		308412729059CDA65BCA30CF /* Pods_MoneyTransfer.framework in Frameworks */ = {isa = PBXBuildFile; fileRef = B6EBF8D4FD8BF580EC88B1EA /* Pods_MoneyTransfer.framework */; };
		AD06930F2271489B000F34CA /* AppDelegate.swift in Sources */ = {isa = PBXBuildFile; fileRef = AD06930E2271489B000F34CA /* AppDelegate.swift */; };
		AD0693112271489B000F34CA /* LoginViewController.swift in Sources */ = {isa = PBXBuildFile; fileRef = AD0693102271489B000F34CA /* LoginViewController.swift */; };
		AD0693142271489B000F34CA /* Main.storyboard in Resources */ = {isa = PBXBuildFile; fileRef = AD0693122271489B000F34CA /* Main.storyboard */; };
		AD0693162271489D000F34CA /* Assets.xcassets in Resources */ = {isa = PBXBuildFile; fileRef = AD0693152271489D000F34CA /* Assets.xcassets */; };
		AD0693192271489D000F34CA /* LaunchScreen.storyboard in Resources */ = {isa = PBXBuildFile; fileRef = AD0693172271489D000F34CA /* LaunchScreen.storyboard */; };
		AD594D0F2272335000E60725 /* HistoryViewController.swift in Sources */ = {isa = PBXBuildFile; fileRef = AD594D0E2272335000E60725 /* HistoryViewController.swift */; };
		AD594D112272336800E60725 /* TransferViewController.swift in Sources */ = {isa = PBXBuildFile; fileRef = AD594D102272336800E60725 /* TransferViewController.swift */; };
		AD5C1BDA2276C8DC001E2F35 /* KeyTracking.swift in Sources */ = {isa = PBXBuildFile; fileRef = AD5C1BD92276C8DC001E2F35 /* KeyTracking.swift */; };
		ADB3166122717844003BBDB0 /* MainViewController.swift in Sources */ = {isa = PBXBuildFile; fileRef = ADB3166022717844003BBDB0 /* MainViewController.swift */; };
/* End PBXBuildFile section */

/* Begin PBXFileReference section */
		215CE4D0503D80648D9E14F7 /* Pods-MoneyTransfer.release.xcconfig */ = {isa = PBXFileReference; includeInIndex = 1; lastKnownFileType = text.xcconfig; name = "Pods-MoneyTransfer.release.xcconfig"; path = "Target Support Files/Pods-MoneyTransfer/Pods-MoneyTransfer.release.xcconfig"; sourceTree = "<group>"; };
		A99A60E303B991EE1761047A /* Pods-MoneyTransfer.debug.xcconfig */ = {isa = PBXFileReference; includeInIndex = 1; lastKnownFileType = text.xcconfig; name = "Pods-MoneyTransfer.debug.xcconfig"; path = "Target Support Files/Pods-MoneyTransfer/Pods-MoneyTransfer.debug.xcconfig"; sourceTree = "<group>"; };
		AD06930B2271489B000F34CA /* MoneyTransfer.app */ = {isa = PBXFileReference; explicitFileType = wrapper.application; includeInIndex = 0; path = MoneyTransfer.app; sourceTree = BUILT_PRODUCTS_DIR; };
		AD06930E2271489B000F34CA /* AppDelegate.swift */ = {isa = PBXFileReference; lastKnownFileType = sourcecode.swift; path = AppDelegate.swift; sourceTree = "<group>"; };
		AD0693102271489B000F34CA /* LoginViewController.swift */ = {isa = PBXFileReference; lastKnownFileType = sourcecode.swift; path = LoginViewController.swift; sourceTree = "<group>"; };
		AD0693132271489B000F34CA /* Base */ = {isa = PBXFileReference; lastKnownFileType = file.storyboard; name = Base; path = Base.lproj/Main.storyboard; sourceTree = "<group>"; };
		AD0693152271489D000F34CA /* Assets.xcassets */ = {isa = PBXFileReference; lastKnownFileType = folder.assetcatalog; path = Assets.xcassets; sourceTree = "<group>"; };
		AD0693182271489D000F34CA /* Base */ = {isa = PBXFileReference; lastKnownFileType = file.storyboard; name = Base; path = Base.lproj/LaunchScreen.storyboard; sourceTree = "<group>"; };
		AD06931A2271489D000F34CA /* Info.plist */ = {isa = PBXFileReference; lastKnownFileType = text.plist.xml; path = Info.plist; sourceTree = "<group>"; };
		AD594D0E2272335000E60725 /* HistoryViewController.swift */ = {isa = PBXFileReference; lastKnownFileType = sourcecode.swift; path = HistoryViewController.swift; sourceTree = "<group>"; };
		AD594D102272336800E60725 /* TransferViewController.swift */ = {isa = PBXFileReference; lastKnownFileType = sourcecode.swift; path = TransferViewController.swift; sourceTree = "<group>"; };
		AD5C1BD92276C8DC001E2F35 /* KeyTracking.swift */ = {isa = PBXFileReference; lastKnownFileType = sourcecode.swift; path = KeyTracking.swift; sourceTree = "<group>"; };
		ADB3166022717844003BBDB0 /* MainViewController.swift */ = {isa = PBXFileReference; lastKnownFileType = sourcecode.swift; path = MainViewController.swift; sourceTree = "<group>"; };
		B6EBF8D4FD8BF580EC88B1EA /* Pods_MoneyTransfer.framework */ = {isa = PBXFileReference; explicitFileType = wrapper.framework; includeInIndex = 0; path = Pods_MoneyTransfer.framework; sourceTree = BUILT_PRODUCTS_DIR; };
/* End PBXFileReference section */

/* Begin PBXFrameworksBuildPhase section */
		AD0693082271489B000F34CA /* Frameworks */ = {
			isa = PBXFrameworksBuildPhase;
			buildActionMask = 2147483647;
			files = (
				308412729059CDA65BCA30CF /* Pods_MoneyTransfer.framework in Frameworks */,
			);
			runOnlyForDeploymentPostprocessing = 0;
		};
/* End PBXFrameworksBuildPhase section */

/* Begin PBXGroup section */
		3B5811267F050782966FF58D /* Frameworks */ = {
			isa = PBXGroup;
			children = (
				B6EBF8D4FD8BF580EC88B1EA /* Pods_MoneyTransfer.framework */,
			);
			name = Frameworks;
			sourceTree = "<group>";
		};
		7EB089E270AB191B562C711B /* Pods */ = {
			isa = PBXGroup;
			children = (
				A99A60E303B991EE1761047A /* Pods-MoneyTransfer.debug.xcconfig */,
				215CE4D0503D80648D9E14F7 /* Pods-MoneyTransfer.release.xcconfig */,
			);
			path = Pods;
			sourceTree = "<group>";
		};
		AD0693022271489B000F34CA = {
			isa = PBXGroup;
			children = (
				AD06930D2271489B000F34CA /* MoneyTransfer */,
				AD06930C2271489B000F34CA /* Products */,
				7EB089E270AB191B562C711B /* Pods */,
				3B5811267F050782966FF58D /* Frameworks */,
			);
			sourceTree = "<group>";
		};
		AD06930C2271489B000F34CA /* Products */ = {
			isa = PBXGroup;
			children = (
				AD06930B2271489B000F34CA /* MoneyTransfer.app */,
			);
			name = Products;
			sourceTree = "<group>";
		};
		AD06930D2271489B000F34CA /* MoneyTransfer */ = {
			isa = PBXGroup;
			children = (
				AD06930E2271489B000F34CA /* AppDelegate.swift */,
				AD0693102271489B000F34CA /* LoginViewController.swift */,
				AD5C1BD92276C8DC001E2F35 /* KeyTracking.swift */,
				AD594D0E2272335000E60725 /* HistoryViewController.swift */,
				AD594D102272336800E60725 /* TransferViewController.swift */,
				ADB3166022717844003BBDB0 /* MainViewController.swift */,
				AD0693122271489B000F34CA /* Main.storyboard */,
				AD0693152271489D000F34CA /* Assets.xcassets */,
				AD0693172271489D000F34CA /* LaunchScreen.storyboard */,
				AD06931A2271489D000F34CA /* Info.plist */,
			);
			path = MoneyTransfer;
			sourceTree = "<group>";
		};
/* End PBXGroup section */

/* Begin PBXNativeTarget section */
		AD06930A2271489B000F34CA /* MoneyTransfer */ = {
			isa = PBXNativeTarget;
			buildConfigurationList = AD06931D2271489D000F34CA /* Build configuration list for PBXNativeTarget "MoneyTransfer" */;
			buildPhases = (
				50AA0528A04220C8F20FEB85 /* [CP] Check Pods Manifest.lock */,
				AD0693072271489B000F34CA /* Sources */,
				AD0693082271489B000F34CA /* Frameworks */,
				AD0693092271489B000F34CA /* Resources */,
				CFC534340FE079D55D7B0808 /* [CP] Embed Pods Frameworks */,
			);
			buildRules = (
			);
			dependencies = (
			);
			name = MoneyTransfer;
			productName = MoneyTransfer;
			productReference = AD06930B2271489B000F34CA /* MoneyTransfer.app */;
			productType = "com.apple.product-type.application";
		};
/* End PBXNativeTarget section */

/* Begin PBXProject section */
		AD0693032271489B000F34CA /* Project object */ = {
			isa = PBXProject;
			attributes = {
				LastSwiftUpdateCheck = 1020;
				LastUpgradeCheck = 1020;
				ORGANIZATIONNAME = "Philippe Yu";
				TargetAttributes = {
					AD06930A2271489B000F34CA = {
						CreatedOnToolsVersion = 10.2;
					};
				};
			};
			buildConfigurationList = AD0693062271489B000F34CA /* Build configuration list for PBXProject "MoneyTransfer" */;
			compatibilityVersion = "Xcode 9.3";
			developmentRegion = en;
			hasScannedForEncodings = 0;
			knownRegions = (
				en,
				Base,
			);
			mainGroup = AD0693022271489B000F34CA;
			productRefGroup = AD06930C2271489B000F34CA /* Products */;
			projectDirPath = "";
			projectRoot = "";
			targets = (
				AD06930A2271489B000F34CA /* MoneyTransfer */,
			);
		};
/* End PBXProject section */

/* Begin PBXResourcesBuildPhase section */
		AD0693092271489B000F34CA /* Resources */ = {
			isa = PBXResourcesBuildPhase;
			buildActionMask = 2147483647;
			files = (
				AD0693192271489D000F34CA /* LaunchScreen.storyboard in Resources */,
				AD0693162271489D000F34CA /* Assets.xcassets in Resources */,
				AD0693142271489B000F34CA /* Main.storyboard in Resources */,
			);
			runOnlyForDeploymentPostprocessing = 0;
		};
/* End PBXResourcesBuildPhase section */

/* Begin PBXShellScriptBuildPhase section */
		50AA0528A04220C8F20FEB85 /* [CP] Check Pods Manifest.lock */ = {
			isa = PBXShellScriptBuildPhase;
			buildActionMask = 2147483647;
			files = (
			);
			inputFileListPaths = (
			);
			inputPaths = (
				"${PODS_PODFILE_DIR_PATH}/Podfile.lock",
				"${PODS_ROOT}/Manifest.lock",
			);
			name = "[CP] Check Pods Manifest.lock";
			outputFileListPaths = (
			);
			outputPaths = (
				"$(DERIVED_FILE_DIR)/Pods-MoneyTransfer-checkManifestLockResult.txt",
			);
			runOnlyForDeploymentPostprocessing = 0;
			shellPath = /bin/sh;
			shellScript = "diff \"${PODS_PODFILE_DIR_PATH}/Podfile.lock\" \"${PODS_ROOT}/Manifest.lock\" > /dev/null\nif [ $? != 0 ] ; then\n    # print error to STDERR\n    echo \"error: The sandbox is not in sync with the Podfile.lock. Run 'pod install' or update your CocoaPods installation.\" >&2\n    exit 1\nfi\n# This output is used by Xcode 'outputs' to avoid re-running this script phase.\necho \"SUCCESS\" > \"${SCRIPT_OUTPUT_FILE_0}\"\n";
			showEnvVarsInLog = 0;
		};
		CFC534340FE079D55D7B0808 /* [CP] Embed Pods Frameworks */ = {
			isa = PBXShellScriptBuildPhase;
			buildActionMask = 2147483647;
			files = (
			);
			inputFileListPaths = (
			);
			inputPaths = (
				"${PODS_ROOT}/Target Support Files/Pods-MoneyTransfer/Pods-MoneyTransfer-frameworks.sh",
				"${BUILT_PRODUCTS_DIR}/Alamofire/Alamofire.framework",
				"${BUILT_PRODUCTS_DIR}/SwiftyJSON/SwiftyJSON.framework",
			);
			name = "[CP] Embed Pods Frameworks";
			outputFileListPaths = (
			);
			outputPaths = (
				"${TARGET_BUILD_DIR}/${FRAMEWORKS_FOLDER_PATH}/Alamofire.framework",
				"${TARGET_BUILD_DIR}/${FRAMEWORKS_FOLDER_PATH}/SwiftyJSON.framework",
			);
			runOnlyForDeploymentPostprocessing = 0;
			shellPath = /bin/sh;
			shellScript = "\"${PODS_ROOT}/Target Support Files/Pods-MoneyTransfer/Pods-MoneyTransfer-frameworks.sh\"\n";
			showEnvVarsInLog = 0;
		};
/* End PBXShellScriptBuildPhase section */

/* Begin PBXSourcesBuildPhase section */
		AD0693072271489B000F34CA /* Sources */ = {
			isa = PBXSourcesBuildPhase;
			buildActionMask = 2147483647;
			files = (
				ADB3166122717844003BBDB0 /* MainViewController.swift in Sources */,
				AD594D112272336800E60725 /* TransferViewController.swift in Sources */,
				AD0693112271489B000F34CA /* LoginViewController.swift in Sources */,
				AD594D0F2272335000E60725 /* HistoryViewController.swift in Sources */,
				AD5C1BDA2276C8DC001E2F35 /* KeyTracking.swift in Sources */,
				AD06930F2271489B000F34CA /* AppDelegate.swift in Sources */,
			);
			runOnlyForDeploymentPostprocessing = 0;
		};
/* End PBXSourcesBuildPhase section */

/* Begin PBXVariantGroup section */
		AD0693122271489B000F34CA /* Main.storyboard */ = {
			isa = PBXVariantGroup;
			children = (
				AD0693132271489B000F34CA /* Base */,
			);
			name = Main.storyboard;
			sourceTree = "<group>";
		};
		AD0693172271489D000F34CA /* LaunchScreen.storyboard */ = {
			isa = PBXVariantGroup;
			children = (
				AD0693182271489D000F34CA /* Base */,
			);
			name = LaunchScreen.storyboard;
			sourceTree = "<group>";
		};
/* End PBXVariantGroup section */

/* Begin XCBuildConfiguration section */
		AD06931B2271489D000F34CA /* Debug */ = {
			isa = XCBuildConfiguration;
			buildSettings = {
				ALWAYS_SEARCH_USER_PATHS = NO;
				CLANG_ANALYZER_NONNULL = YES;
				CLANG_ANALYZER_NUMBER_OBJECT_CONVERSION = YES_AGGRESSIVE;
				CLANG_CXX_LANGUAGE_STANDARD = "gnu++14";
				CLANG_CXX_LIBRARY = "libc++";
				CLANG_ENABLE_MODULES = YES;
				CLANG_ENABLE_OBJC_ARC = YES;
				CLANG_ENABLE_OBJC_WEAK = YES;
				CLANG_WARN_BLOCK_CAPTURE_AUTORELEASING = YES;
				CLANG_WARN_BOOL_CONVERSION = YES;
				CLANG_WARN_COMMA = YES;
				CLANG_WARN_CONSTANT_CONVERSION = YES;
				CLANG_WARN_DEPRECATED_OBJC_IMPLEMENTATIONS = YES;
				CLANG_WARN_DIRECT_OBJC_ISA_USAGE = YES_ERROR;
				CLANG_WARN_DOCUMENTATION_COMMENTS = YES;
				CLANG_WARN_EMPTY_BODY = YES;
				CLANG_WARN_ENUM_CONVERSION = YES;
				CLANG_WARN_INFINITE_RECURSION = YES;
				CLANG_WARN_INT_CONVERSION = YES;
				CLANG_WARN_NON_LITERAL_NULL_CONVERSION = YES;
				CLANG_WARN_OBJC_IMPLICIT_RETAIN_SELF = YES;
				CLANG_WARN_OBJC_LITERAL_CONVERSION = YES;
				CLANG_WARN_OBJC_ROOT_CLASS = YES_ERROR;
				CLANG_WARN_RANGE_LOOP_ANALYSIS = YES;
				CLANG_WARN_STRICT_PROTOTYPES = YES;
				CLANG_WARN_SUSPICIOUS_MOVE = YES;
				CLANG_WARN_UNGUARDED_AVAILABILITY = YES_AGGRESSIVE;
				CLANG_WARN_UNREACHABLE_CODE = YES;
				CLANG_WARN__DUPLICATE_METHOD_MATCH = YES;
				CODE_SIGN_IDENTITY = "iPhone Developer";
				COPY_PHASE_STRIP = NO;
				DEBUG_INFORMATION_FORMAT = dwarf;
				ENABLE_STRICT_OBJC_MSGSEND = YES;
				ENABLE_TESTABILITY = YES;
				GCC_C_LANGUAGE_STANDARD = gnu11;
				GCC_DYNAMIC_NO_PIC = NO;
				GCC_NO_COMMON_BLOCKS = YES;
				GCC_OPTIMIZATION_LEVEL = 0;
				GCC_PREPROCESSOR_DEFINITIONS = (
					"DEBUG=1",
					"$(inherited)",
				);
				GCC_WARN_64_TO_32_BIT_CONVERSION = YES;
				GCC_WARN_ABOUT_RETURN_TYPE = YES_ERROR;
				GCC_WARN_UNDECLARED_SELECTOR = YES;
				GCC_WARN_UNINITIALIZED_AUTOS = YES_AGGRESSIVE;
				GCC_WARN_UNUSED_FUNCTION = YES;
				GCC_WARN_UNUSED_VARIABLE = YES;
				IPHONEOS_DEPLOYMENT_TARGET = 12.2;
				MTL_ENABLE_DEBUG_INFO = INCLUDE_SOURCE;
				MTL_FAST_MATH = YES;
				ONLY_ACTIVE_ARCH = YES;
				SDKROOT = iphoneos;
				SWIFT_ACTIVE_COMPILATION_CONDITIONS = DEBUG;
				SWIFT_OPTIMIZATION_LEVEL = "-Onone";
			};
			name = Debug;
		};
		AD06931C2271489D000F34CA /* Release */ = {
			isa = XCBuildConfiguration;
			buildSettings = {
				ALWAYS_SEARCH_USER_PATHS = NO;
				CLANG_ANALYZER_NONNULL = YES;
				CLANG_ANALYZER_NUMBER_OBJECT_CONVERSION = YES_AGGRESSIVE;
				CLANG_CXX_LANGUAGE_STANDARD = "gnu++14";
				CLANG_CXX_LIBRARY = "libc++";
				CLANG_ENABLE_MODULES = YES;
				CLANG_ENABLE_OBJC_ARC = YES;
				CLANG_ENABLE_OBJC_WEAK = YES;
				CLANG_WARN_BLOCK_CAPTURE_AUTORELEASING = YES;
				CLANG_WARN_BOOL_CONVERSION = YES;
				CLANG_WARN_COMMA = YES;
				CLANG_WARN_CONSTANT_CONVERSION = YES;
				CLANG_WARN_DEPRECATED_OBJC_IMPLEMENTATIONS = YES;
				CLANG_WARN_DIRECT_OBJC_ISA_USAGE = YES_ERROR;
				CLANG_WARN_DOCUMENTATION_COMMENTS = YES;
				CLANG_WARN_EMPTY_BODY = YES;
				CLANG_WARN_ENUM_CONVERSION = YES;
				CLANG_WARN_INFINITE_RECURSION = YES;
				CLANG_WARN_INT_CONVERSION = YES;
				CLANG_WARN_NON_LITERAL_NULL_CONVERSION = YES;
				CLANG_WARN_OBJC_IMPLICIT_RETAIN_SELF = YES;
				CLANG_WARN_OBJC_LITERAL_CONVERSION = YES;
				CLANG_WARN_OBJC_ROOT_CLASS = YES_ERROR;
				CLANG_WARN_RANGE_LOOP_ANALYSIS = YES;
				CLANG_WARN_STRICT_PROTOTYPES = YES;
				CLANG_WARN_SUSPICIOUS_MOVE = YES;
				CLANG_WARN_UNGUARDED_AVAILABILITY = YES_AGGRESSIVE;
				CLANG_WARN_UNREACHABLE_CODE = YES;
				CLANG_WARN__DUPLICATE_METHOD_MATCH = YES;
				CODE_SIGN_IDENTITY = "iPhone Developer";
				COPY_PHASE_STRIP = NO;
				DEBUG_INFORMATION_FORMAT = "dwarf-with-dsym";
				ENABLE_NS_ASSERTIONS = NO;
				ENABLE_STRICT_OBJC_MSGSEND = YES;
				GCC_C_LANGUAGE_STANDARD = gnu11;
				GCC_NO_COMMON_BLOCKS = YES;
				GCC_WARN_64_TO_32_BIT_CONVERSION = YES;
				GCC_WARN_ABOUT_RETURN_TYPE = YES_ERROR;
				GCC_WARN_UNDECLARED_SELECTOR = YES;
				GCC_WARN_UNINITIALIZED_AUTOS = YES_AGGRESSIVE;
				GCC_WARN_UNUSED_FUNCTION = YES;
				GCC_WARN_UNUSED_VARIABLE = YES;
				IPHONEOS_DEPLOYMENT_TARGET = 12.2;
				MTL_ENABLE_DEBUG_INFO = NO;
				MTL_FAST_MATH = YES;
				SDKROOT = iphoneos;
				SWIFT_COMPILATION_MODE = wholemodule;
				SWIFT_OPTIMIZATION_LEVEL = "-O";
				VALIDATE_PRODUCT = YES;
			};
			name = Release;
		};
		AD06931E2271489D000F34CA /* Debug */ = {
			isa = XCBuildConfiguration;
			baseConfigurationReference = A99A60E303B991EE1761047A /* Pods-MoneyTransfer.debug.xcconfig */;
			buildSettings = {
				ASSETCATALOG_COMPILER_APPICON_NAME = AppIcon;
				CODE_SIGN_STYLE = Automatic;
				DEVELOPMENT_TEAM = 7TR28E27K7;
				INFOPLIST_FILE = MoneyTransfer/Info.plist;
				LD_RUNPATH_SEARCH_PATHS = (
					"$(inherited)",
					"@executable_path/Frameworks",
				);
				PRODUCT_BUNDLE_IDENTIFIER = com.PhilippeYu.MoneyTransfer;
				PRODUCT_NAME = "$(TARGET_NAME)";
				SWIFT_VERSION = 5.0;
				TARGETED_DEVICE_FAMILY = "1,2";
			};
			name = Debug;
		};
		AD06931F2271489D000F34CA /* Release */ = {
			isa = XCBuildConfiguration;
			baseConfigurationReference = 215CE4D0503D80648D9E14F7 /* Pods-MoneyTransfer.release.xcconfig */;
			buildSettings = {
				ASSETCATALOG_COMPILER_APPICON_NAME = AppIcon;
				CODE_SIGN_STYLE = Automatic;
				DEVELOPMENT_TEAM = 7TR28E27K7;
				INFOPLIST_FILE = MoneyTransfer/Info.plist;
				LD_RUNPATH_SEARCH_PATHS = (
					"$(inherited)",
					"@executable_path/Frameworks",
				);
				PRODUCT_BUNDLE_IDENTIFIER = com.PhilippeYu.MoneyTransfer;
				PRODUCT_NAME = "$(TARGET_NAME)";
				SWIFT_VERSION = 5.0;
				TARGETED_DEVICE_FAMILY = "1,2";
			};
			name = Release;
		};
/* End XCBuildConfiguration section */

/* Begin XCConfigurationList section */
		AD0693062271489B000F34CA /* Build configuration list for PBXProject "MoneyTransfer" */ = {
			isa = XCConfigurationList;
			buildConfigurations = (
				AD06931B2271489D000F34CA /* Debug */,
				AD06931C2271489D000F34CA /* Release */,
			);
			defaultConfigurationIsVisible = 0;
			defaultConfigurationName = Release;
		};
		AD06931D2271489D000F34CA /* Build configuration list for PBXNativeTarget "MoneyTransfer" */ = {
			isa = XCConfigurationList;
			buildConfigurations = (
				AD06931E2271489D000F34CA /* Debug */,
				AD06931F2271489D000F34CA /* Release */,
			);
			defaultConfigurationIsVisible = 0;
			defaultConfigurationName = Release;
		};
/* End XCConfigurationList section */
	};
	rootObject = AD0693032271489B000F34CA /* Project object */;
}
